// !$*UTF8*$!
{
	archiveVersion = 1;
	classes = {
	};
	objectVersion = 50;
	objects = {

/* Begin PBXBuildFile section */
		21A6EAB622F3CD270099228B /* AppDelegate.swift in Sources */ = {isa = PBXBuildFile; fileRef = 21A6EAB522F3CD270099228B /* AppDelegate.swift */; };
		21A6EAB822F3CD270099228B /* ViewController.swift in Sources */ = {isa = PBXBuildFile; fileRef = 21A6EAB722F3CD270099228B /* ViewController.swift */; };
		21A6EABB22F3CD270099228B /* Main.storyboard in Resources */ = {isa = PBXBuildFile; fileRef = 21A6EAB922F3CD270099228B /* Main.storyboard */; };
		21A6EABD22F3CD280099228B /* Assets.xcassets in Resources */ = {isa = PBXBuildFile; fileRef = 21A6EABC22F3CD280099228B /* Assets.xcassets */; };
		21A6EAC022F3CD280099228B /* LaunchScreen.storyboard in Resources */ = {isa = PBXBuildFile; fileRef = 21A6EABE22F3CD280099228B /* LaunchScreen.storyboard */; };
		21A6EAC922F3CD700099228B /* GCMarqueeView.swift in Sources */ = {isa = PBXBuildFile; fileRef = 21A6EAC822F3CD700099228B /* GCMarqueeView.swift */; };
		21A6EACD22F3DF2C0099228B /* GCMarqueeItem.swift in Sources */ = {isa = PBXBuildFile; fileRef = 21A6EACC22F3DF2C0099228B /* GCMarqueeItem.swift */; };
/* End PBXBuildFile section */

/* Begin PBXFileReference section */
		21A6EAB222F3CD270099228B /* GCMarqueeViewDemo_Swift.app */ = {isa = PBXFileReference; explicitFileType = wrapper.application; includeInIndex = 0; path = GCMarqueeViewDemo_Swift.app; sourceTree = BUILT_PRODUCTS_DIR; };
		21A6EAB522F3CD270099228B /* AppDelegate.swift */ = {isa = PBXFileReference; lastKnownFileType = sourcecode.swift; path = AppDelegate.swift; sourceTree = "<group>"; };
		21A6EAB722F3CD270099228B /* ViewController.swift */ = {isa = PBXFileReference; lastKnownFileType = sourcecode.swift; path = ViewController.swift; sourceTree = "<group>"; };
		21A6EABA22F3CD270099228B /* Base */ = {isa = PBXFileReference; lastKnownFileType = file.storyboard; name = Base; path = Base.lproj/Main.storyboard; sourceTree = "<group>"; };
		21A6EABC22F3CD280099228B /* Assets.xcassets */ = {isa = PBXFileReference; lastKnownFileType = folder.assetcatalog; path = Assets.xcassets; sourceTree = "<group>"; };
		21A6EABF22F3CD280099228B /* Base */ = {isa = PBXFileReference; lastKnownFileType = file.storyboard; name = Base; path = Base.lproj/LaunchScreen.storyboard; sourceTree = "<group>"; };
		21A6EAC122F3CD280099228B /* Info.plist */ = {isa = PBXFileReference; lastKnownFileType = text.plist.xml; path = Info.plist; sourceTree = "<group>"; };
		21A6EAC822F3CD700099228B /* GCMarqueeView.swift */ = {isa = PBXFileReference; lastKnownFileType = sourcecode.swift; path = GCMarqueeView.swift; sourceTree = "<group>"; };
		21A6EACC22F3DF2C0099228B /* GCMarqueeItem.swift */ = {isa = PBXFileReference; lastKnownFileType = sourcecode.swift; path = GCMarqueeItem.swift; sourceTree = "<group>"; };
/* End PBXFileReference section */

/* Begin PBXFrameworksBuildPhase section */
		21A6EAAF22F3CD270099228B /* Frameworks */ = {
			isa = PBXFrameworksBuildPhase;
			buildActionMask = 2147483647;
			files = (
			);
			runOnlyForDeploymentPostprocessing = 0;
		};
/* End PBXFrameworksBuildPhase section */

/* Begin PBXGroup section */
		21A6EAA922F3CD270099228B = {
			isa = PBXGroup;
			children = (
				21A6EAB422F3CD270099228B /* GCMarqueeViewDemo_Swift */,
				21A6EAB322F3CD270099228B /* Products */,
			);
			sourceTree = "<group>";
		};
		21A6EAB322F3CD270099228B /* Products */ = {
			isa = PBXGroup;
			children = (
				21A6EAB222F3CD270099228B /* GCMarqueeViewDemo_Swift.app */,
			);
			name = Products;
			sourceTree = "<group>";
		};
		21A6EAB422F3CD270099228B /* GCMarqueeViewDemo_Swift */ = {
			isa = PBXGroup;
			children = (
				21A6EAC722F3CD560099228B /* GCMarqueeView */,
				21A6EAB522F3CD270099228B /* AppDelegate.swift */,
				21A6EAB722F3CD270099228B /* ViewController.swift */,
				21A6EAB922F3CD270099228B /* Main.storyboard */,
				21A6EABC22F3CD280099228B /* Assets.xcassets */,
				21A6EABE22F3CD280099228B /* LaunchScreen.storyboard */,
				21A6EAC122F3CD280099228B /* Info.plist */,
			);
			path = GCMarqueeViewDemo_Swift;
			sourceTree = "<group>";
		};
		21A6EAC722F3CD560099228B /* GCMarqueeView */ = {
			isa = PBXGroup;
			children = (
				21A6EAC822F3CD700099228B /* GCMarqueeView.swift */,
				21A6EACC22F3DF2C0099228B /* GCMarqueeItem.swift */,
			);
			path = GCMarqueeView;
			sourceTree = "<group>";
		};
/* End PBXGroup section */

/* Begin PBXNativeTarget section */
		21A6EAB122F3CD270099228B /* GCMarqueeViewDemo_Swift */ = {
			isa = PBXNativeTarget;
			buildConfigurationList = 21A6EAC422F3CD280099228B /* Build configuration list for PBXNativeTarget "GCMarqueeViewDemo_Swift" */;
			buildPhases = (
				21A6EAAE22F3CD270099228B /* Sources */,
				21A6EAAF22F3CD270099228B /* Frameworks */,
				21A6EAB022F3CD270099228B /* Resources */,
			);
			buildRules = (
			);
			dependencies = (
			);
			name = GCMarqueeViewDemo_Swift;
			productName = GCMarqueeViewDemo_Swift;
			productReference = 21A6EAB222F3CD270099228B /* GCMarqueeViewDemo_Swift.app */;
			productType = "com.apple.product-type.application";
		};
/* End PBXNativeTarget section */

/* Begin PBXProject section */
		21A6EAAA22F3CD270099228B /* Project object */ = {
			isa = PBXProject;
			attributes = {
				LastSwiftUpdateCheck = 1030;
				LastUpgradeCheck = 1030;
				ORGANIZATIONNAME = igancao;
				TargetAttributes = {
					21A6EAB122F3CD270099228B = {
						CreatedOnToolsVersion = 10.3;
					};
				};
			};
			buildConfigurationList = 21A6EAAD22F3CD270099228B /* Build configuration list for PBXProject "GCMarqueeViewDemo_Swift" */;
			compatibilityVersion = "Xcode 9.3";
			developmentRegion = en;
			hasScannedForEncodings = 0;
			knownRegions = (
				en,
				Base,
			);
			mainGroup = 21A6EAA922F3CD270099228B;
			productRefGroup = 21A6EAB322F3CD270099228B /* Products */;
			projectDirPath = "";
			projectRoot = "";
			targets = (
				21A6EAB122F3CD270099228B /* GCMarqueeViewDemo_Swift */,
			);
		};
/* End PBXProject section */

/* Begin PBXResourcesBuildPhase section */
		21A6EAB022F3CD270099228B /* Resources */ = {
			isa = PBXResourcesBuildPhase;
			buildActionMask = 2147483647;
			files = (
				21A6EAC022F3CD280099228B /* LaunchScreen.storyboard in Resources */,
				21A6EABD22F3CD280099228B /* Assets.xcassets in Resources */,
				21A6EABB22F3CD270099228B /* Main.storyboard in Resources */,
			);
			runOnlyForDeploymentPostprocessing = 0;
		};
/* End PBXResourcesBuildPhase section */

/* Begin PBXSourcesBuildPhase section */
		21A6EAAE22F3CD270099228B /* Sources */ = {
			isa = PBXSourcesBuildPhase;
			buildActionMask = 2147483647;
			files = (
				21A6EAC922F3CD700099228B /* GCMarqueeView.swift in Sources */,
				21A6EAB822F3CD270099228B /* ViewController.swift in Sources */,
				21A6EAB622F3CD270099228B /* AppDelegate.swift in Sources */,
				21A6EACD22F3DF2C0099228B /* GCMarqueeItem.swift in Sources */,
			);
			runOnlyForDeploymentPostprocessing = 0;
		};
/* End PBXSourcesBuildPhase section */

/* Begin PBXVariantGroup section */
		21A6EAB922F3CD270099228B /* Main.storyboard */ = {
			isa = PBXVariantGroup;
			children = (
				21A6EABA22F3CD270099228B /* Base */,
			);
			name = Main.storyboard;
			sourceTree = "<group>";
		};
		21A6EABE22F3CD280099228B /* LaunchScreen.storyboard */ = {
			isa = PBXVariantGroup;
			children = (
				21A6EABF22F3CD280099228B /* Base */,
			);
			name = LaunchScreen.storyboard;
			sourceTree = "<group>";
		};
/* End PBXVariantGroup section */

/* Begin XCBuildConfiguration section */
		21A6EAC222F3CD280099228B /* Debug */ = {
			isa = XCBuildConfiguration;
			buildSettings = {
				ALWAYS_SEARCH_USER_PATHS = NO;
				CLANG_ANALYZER_NONNULL = YES;
				CLANG_ANALYZER_NUMBER_OBJECT_CONVERSION = YES_AGGRESSIVE;
				CLANG_CXX_LANGUAGE_STANDARD = "gnu++14";
				CLANG_CXX_LIBRARY = "libc++";
				CLANG_ENABLE_MODULES = YES;
				CLANG_ENABLE_OBJC_ARC = YES;
				CLANG_ENABLE_OBJC_WEAK = YES;
				CLANG_WARN_BLOCK_CAPTURE_AUTORELEASING = YES;
				CLANG_WARN_BOOL_CONVERSION = YES;
				CLANG_WARN_COMMA = YES;
				CLANG_WARN_CONSTANT_CONVERSION = YES;
				CLANG_WARN_DEPRECATED_OBJC_IMPLEMENTATIONS = YES;
				CLANG_WARN_DIRECT_OBJC_ISA_USAGE = YES_ERROR;
				CLANG_WARN_DOCUMENTATION_COMMENTS = YES;
				CLANG_WARN_EMPTY_BODY = YES;
				CLANG_WARN_ENUM_CONVERSION = YES;
				CLANG_WARN_INFINITE_RECURSION = YES;
				CLANG_WARN_INT_CONVERSION = YES;
				CLANG_WARN_NON_LITERAL_NULL_CONVERSION = YES;
				CLANG_WARN_OBJC_IMPLICIT_RETAIN_SELF = YES;
				CLANG_WARN_OBJC_LITERAL_CONVERSION = YES;
				CLANG_WARN_OBJC_ROOT_CLASS = YES_ERROR;
				CLANG_WARN_RANGE_LOOP_ANALYSIS = YES;
				CLANG_WARN_STRICT_PROTOTYPES = YES;
				CLANG_WARN_SUSPICIOUS_MOVE = YES;
				CLANG_WARN_UNGUARDED_AVAILABILITY = YES_AGGRESSIVE;
				CLANG_WARN_UNREACHABLE_CODE = YES;
				CLANG_WARN__DUPLICATE_METHOD_MATCH = YES;
				CODE_SIGN_IDENTITY = "iPhone Developer";
				COPY_PHASE_STRIP = NO;
				DEBUG_INFORMATION_FORMAT = dwarf;
				ENABLE_STRICT_OBJC_MSGSEND = YES;
				ENABLE_TESTABILITY = YES;
				GCC_C_LANGUAGE_STANDARD = gnu11;
				GCC_DYNAMIC_NO_PIC = NO;
				GCC_NO_COMMON_BLOCKS = YES;
				GCC_OPTIMIZATION_LEVEL = 0;
				GCC_PREPROCESSOR_DEFINITIONS = (
					"DEBUG=1",
					"$(inherited)",
				);
				GCC_WARN_64_TO_32_BIT_CONVERSION = YES;
				GCC_WARN_ABOUT_RETURN_TYPE = YES_ERROR;
				GCC_WARN_UNDECLARED_SELECTOR = YES;
				GCC_WARN_UNINITIALIZED_AUTOS = YES_AGGRESSIVE;
				GCC_WARN_UNUSED_FUNCTION = YES;
				GCC_WARN_UNUSED_VARIABLE = YES;
				IPHONEOS_DEPLOYMENT_TARGET = 12.4;
				MTL_ENABLE_DEBUG_INFO = INCLUDE_SOURCE;
				MTL_FAST_MATH = YES;
				ONLY_ACTIVE_ARCH = YES;
				SDKROOT = iphoneos;
				SWIFT_ACTIVE_COMPILATION_CONDITIONS = DEBUG;
				SWIFT_OPTIMIZATION_LEVEL = "-Onone";
			};
			name = Debug;
		};
		21A6EAC322F3CD280099228B /* Release */ = {
			isa = XCBuildConfiguration;
			buildSettings = {
				ALWAYS_SEARCH_USER_PATHS = NO;
				CLANG_ANALYZER_NONNULL = YES;
				CLANG_ANALYZER_NUMBER_OBJECT_CONVERSION = YES_AGGRESSIVE;
				CLANG_CXX_LANGUAGE_STANDARD = "gnu++14";
				CLANG_CXX_LIBRARY = "libc++";
				CLANG_ENABLE_MODULES = YES;
				CLANG_ENABLE_OBJC_ARC = YES;
				CLANG_ENABLE_OBJC_WEAK = YES;
				CLANG_WARN_BLOCK_CAPTURE_AUTORELEASING = YES;
				CLANG_WARN_BOOL_CONVERSION = YES;
				CLANG_WARN_COMMA = YES;
				CLANG_WARN_CONSTANT_CONVERSION = YES;
				CLANG_WARN_DEPRECATED_OBJC_IMPLEMENTATIONS = YES;
				CLANG_WARN_DIRECT_OBJC_ISA_USAGE = YES_ERROR;
				CLANG_WARN_DOCUMENTATION_COMMENTS = YES;
				CLANG_WARN_EMPTY_BODY = YES;
				CLANG_WARN_ENUM_CONVERSION = YES;
				CLANG_WARN_INFINITE_RECURSION = YES;
				CLANG_WARN_INT_CONVERSION = YES;
				CLANG_WARN_NON_LITERAL_NULL_CONVERSION = YES;
				CLANG_WARN_OBJC_IMPLICIT_RETAIN_SELF = YES;
				CLANG_WARN_OBJC_LITERAL_CONVERSION = YES;
				CLANG_WARN_OBJC_ROOT_CLASS = YES_ERROR;
				CLANG_WARN_RANGE_LOOP_ANALYSIS = YES;
				CLANG_WARN_STRICT_PROTOTYPES = YES;
				CLANG_WARN_SUSPICIOUS_MOVE = YES;
				CLANG_WARN_UNGUARDED_AVAILABILITY = YES_AGGRESSIVE;
				CLANG_WARN_UNREACHABLE_CODE = YES;
				CLANG_WARN__DUPLICATE_METHOD_MATCH = YES;
				CODE_SIGN_IDENTITY = "iPhone Developer";
				COPY_PHASE_STRIP = NO;
				DEBUG_INFORMATION_FORMAT = "dwarf-with-dsym";
				ENABLE_NS_ASSERTIONS = NO;
				ENABLE_STRICT_OBJC_MSGSEND = YES;
				GCC_C_LANGUAGE_STANDARD = gnu11;
				GCC_NO_COMMON_BLOCKS = YES;
				GCC_WARN_64_TO_32_BIT_CONVERSION = YES;
				GCC_WARN_ABOUT_RETURN_TYPE = YES_ERROR;
				GCC_WARN_UNDECLARED_SELECTOR = YES;
				GCC_WARN_UNINITIALIZED_AUTOS = YES_AGGRESSIVE;
				GCC_WARN_UNUSED_FUNCTION = YES;
				GCC_WARN_UNUSED_VARIABLE = YES;
				IPHONEOS_DEPLOYMENT_TARGET = 12.4;
				MTL_ENABLE_DEBUG_INFO = NO;
				MTL_FAST_MATH = YES;
				SDKROOT = iphoneos;
				SWIFT_COMPILATION_MODE = wholemodule;
				SWIFT_OPTIMIZATION_LEVEL = "-O";
				VALIDATE_PRODUCT = YES;
			};
			name = Release;
		};
		21A6EAC522F3CD280099228B /* Debug */ = {
			isa = XCBuildConfiguration;
			buildSettings = {
				ASSETCATALOG_COMPILER_APPICON_NAME = AppIcon;
				CODE_SIGN_STYLE = Automatic;
				DEVELOPMENT_TEAM = 5B83538JM2;
				INFOPLIST_FILE = GCMarqueeViewDemo_Swift/Info.plist;
				IPHONEOS_DEPLOYMENT_TARGET = 9.0;
				LD_RUNPATH_SEARCH_PATHS = (
					"$(inherited)",
					"@executable_path/Frameworks",
				);
				PRODUCT_BUNDLE_IDENTIFIER = "com.igancao.user.GCMarqueeViewDemo-Swift";
				PRODUCT_NAME = "$(TARGET_NAME)";
				SWIFT_VERSION = 5.0;
				TARGETED_DEVICE_FAMILY = "1,2";
			};
			name = Debug;
		};
		21A6EAC622F3CD280099228B /* Release */ = {
			isa = XCBuildConfiguration;
			buildSettings = {
				ASSETCATALOG_COMPILER_APPICON_NAME = AppIcon;
				CODE_SIGN_STYLE = Automatic;
				DEVELOPMENT_TEAM = 5B83538JM2;
				INFOPLIST_FILE = GCMarqueeViewDemo_Swift/Info.plist;
				IPHONEOS_DEPLOYMENT_TARGET = 9.0;
				LD_RUNPATH_SEARCH_PATHS = (
					"$(inherited)",
					"@executable_path/Frameworks",
				);
				PRODUCT_BUNDLE_IDENTIFIER = "com.igancao.user.GCMarqueeViewDemo-Swift";
				PRODUCT_NAME = "$(TARGET_NAME)";
				SWIFT_VERSION = 5.0;
				TARGETED_DEVICE_FAMILY = "1,2";
			};
			name = Release;
		};
/* End XCBuildConfiguration section */

/* Begin XCConfigurationList section */
		21A6EAAD22F3CD270099228B /* Build configuration list for PBXProject "GCMarqueeViewDemo_Swift" */ = {
			isa = XCConfigurationList;
			buildConfigurations = (
				21A6EAC222F3CD280099228B /* Debug */,
				21A6EAC322F3CD280099228B /* Release */,
			);
			defaultConfigurationIsVisible = 0;
			defaultConfigurationName = Release;
		};
		21A6EAC422F3CD280099228B /* Build configuration list for PBXNativeTarget "GCMarqueeViewDemo_Swift" */ = {
			isa = XCConfigurationList;
			buildConfigurations = (
				21A6EAC522F3CD280099228B /* Debug */,
				21A6EAC622F3CD280099228B /* Release */,
			);
			defaultConfigurationIsVisible = 0;
			defaultConfigurationName = Release;
		};
/* End XCConfigurationList section */
	};
	rootObject = 21A6EAAA22F3CD270099228B /* Project object */;
}
